
Microsoft Visual Studio Solution File, Format Version 12.00
# Visual Studio Version 17
VisualStudioVersion = 17.7.34031.279
MinimumVisualStudioVersion = 10.0.40219.1
Project("{9A19103F-16F7-4668-BE54-9A1E7A4F7556}") = "Dofus", "Dofus\Dofus.csproj", "{173D8128-0C51-4681-801B-B722C7FD925D}"
EndProject
Project("{FAE04EC0-301F-11D3-BF4B-00C04F79EFBC}") = "Dofus Client", "Dofus Client\Dofus Client.csproj", "{E4C4FC7A-2382-45FB-828F-B56E326181EE}"
EndProject
Project("{FAE04EC0-301F-11D3-BF4B-00C04F79EFBC}") = "ClassLibrary", "ClassLibrary\ClassLibrary.csproj", "{EC9CC8CE-1BAC-4995-B057-2E07DA553D1E}"
EndProject
Global
	GlobalSection(SolutionConfigurationPlatforms) = preSolution
		Debug|Any CPU = Debug|Any CPU
		Release|Any CPU = Release|Any CPU
	EndGlobalSection
	GlobalSection(ProjectConfigurationPlatforms) = postSolution
		{173D8128-0C51-4681-801B-B722C7FD925D}.Debug|Any CPU.ActiveCfg = Debug|Any CPU
		{173D8128-0C51-4681-801B-B722C7FD925D}.Debug|Any CPU.Build.0 = Debug|Any CPU
		{173D8128-0C51-4681-801B-B722C7FD925D}.Release|Any CPU.ActiveCfg = Release|Any CPU
		{173D8128-0C51-4681-801B-B722C7FD925D}.Release|Any CPU.Build.0 = Release|Any CPU
		{E4C4FC7A-2382-45FB-828F-B56E326181EE}.Debug|Any CPU.ActiveCfg = Debug|Any CPU
		{E4C4FC7A-2382-45FB-828F-B56E326181EE}.Debug|Any CPU.Build.0 = Debug|Any CPU
		{E4C4FC7A-2382-45FB-828F-B56E326181EE}.Release|Any CPU.ActiveCfg = Release|Any CPU
		{E4C4FC7A-2382-45FB-828F-B56E326181EE}.Release|Any CPU.Build.0 = Release|Any CPU
		{EC9CC8CE-1BAC-4995-B057-2E07DA553D1E}.Debug|Any CPU.ActiveCfg = Debug|Any CPU
		{EC9CC8CE-1BAC-4995-B057-2E07DA553D1E}.Debug|Any CPU.Build.0 = Debug|Any CPU
		{EC9CC8CE-1BAC-4995-B057-2E07DA553D1E}.Release|Any CPU.ActiveCfg = Release|Any CPU
		{EC9CC8CE-1BAC-4995-B057-2E07DA553D1E}.Release|Any CPU.Build.0 = Release|Any CPU
	EndGlobalSection
	GlobalSection(SolutionProperties) = preSolution
		HideSolutionNode = FALSE
	EndGlobalSection
	GlobalSection(ExtensibilityGlobals) = postSolution
		SolutionGuid = {86FE97BE-0DDF-4917-BFB4-0C1B91A6CFB2}
	EndGlobalSection
EndGlobal
